
Microsoft Visual Studio Solution File, Format Version 12.00
# Visual Studio 2012
Project("{FAE04EC0-301F-11D3-BF4B-00C04F79EFBC}") = "Test", "Test\Test.csproj", "{6CF53FE7-0599-4BC1-BBC6-0FE31E2E65AF}"
EndProject
Project("{FAE04EC0-301F-11D3-BF4B-00C04F79EFBC}") = "NuGet.Rabbit.Duplication", "NuGet.Rabbit.Duplication\NuGet.Rabbit.Duplication.csproj", "{0451BAEF-DF2E-4B98-8644-94EE9415E389}"
EndProject
Project("{FAE04EC0-301F-11D3-BF4B-00C04F79EFBC}") = "Rabbit.Duplication", "Rabbit.Duplication\Rabbit.Duplication.csproj", "{18D5F2DE-062A-4454-B31E-DE132606D45B}"
EndProject
Global
	GlobalSection(SolutionConfigurationPlatforms) = preSolution
		Debug|Any CPU = Debug|Any CPU
		Release|Any CPU = Release|Any CPU
	EndGlobalSection
	GlobalSection(ProjectConfigurationPlatforms) = postSolution
		{6CF53FE7-0599-4BC1-BBC6-0FE31E2E65AF}.Debug|Any CPU.ActiveCfg = Debug|Any CPU
		{6CF53FE7-0599-4BC1-BBC6-0FE31E2E65AF}.Debug|Any CPU.Build.0 = Debug|Any CPU
		{6CF53FE7-0599-4BC1-BBC6-0FE31E2E65AF}.Release|Any CPU.ActiveCfg = Release|Any CPU
		{6CF53FE7-0599-4BC1-BBC6-0FE31E2E65AF}.Release|Any CPU.Build.0 = Release|Any CPU
		{0451BAEF-DF2E-4B98-8644-94EE9415E389}.Debug|Any CPU.ActiveCfg = Debug|Any CPU
		{0451BAEF-DF2E-4B98-8644-94EE9415E389}.Debug|Any CPU.Build.0 = Debug|Any CPU
		{0451BAEF-DF2E-4B98-8644-94EE9415E389}.Release|Any CPU.ActiveCfg = Release|Any CPU
		{0451BAEF-DF2E-4B98-8644-94EE9415E389}.Release|Any CPU.Build.0 = Release|Any CPU
		{18D5F2DE-062A-4454-B31E-DE132606D45B}.Debug|Any CPU.ActiveCfg = Debug|Any CPU
		{18D5F2DE-062A-4454-B31E-DE132606D45B}.Debug|Any CPU.Build.0 = Debug|Any CPU
		{18D5F2DE-062A-4454-B31E-DE132606D45B}.Release|Any CPU.ActiveCfg = Release|Any CPU
		{18D5F2DE-062A-4454-B31E-DE132606D45B}.Release|Any CPU.Build.0 = Release|Any CPU
	EndGlobalSection
	GlobalSection(SolutionProperties) = preSolution
		HideSolutionNode = FALSE
	EndGlobalSection
EndGlobal
